
Microsoft Visual Studio Solution File, Format Version 12.00
# Visual Studio 15
VisualStudioVersion = 15.0.27703.2026
MinimumVisualStudioVersion = 10.0.40219.1
Project("{FAE04EC0-301F-11D3-BF4B-00C04F79EFBC}") = "Yanz.Web", "Yanz.Web\Yanz.Web.csproj", "{B7D8C01A-969A-4DE0-9A58-EF0BACB88318}"
EndProject
Global
	GlobalSection(SolutionConfigurationPlatforms) = preSolution
		Debug|Any CPU = Debug|Any CPU
		Release|Any CPU = Release|Any CPU
	EndGlobalSection
	GlobalSection(ProjectConfigurationPlatforms) = postSolution
		{B7D8C01A-969A-4DE0-9A58-EF0BACB88318}.Debug|Any CPU.ActiveCfg = Debug|Any CPU
		{B7D8C01A-969A-4DE0-9A58-EF0BACB88318}.Debug|Any CPU.Build.0 = Debug|Any CPU
		{B7D8C01A-969A-4DE0-9A58-EF0BACB88318}.Release|Any CPU.ActiveCfg = Release|Any CPU
		{B7D8C01A-969A-4DE0-9A58-EF0BACB88318}.Release|Any CPU.Build.0 = Release|Any CPU
	EndGlobalSection
	GlobalSection(SolutionProperties) = preSolution
		HideSolutionNode = FALSE
	EndGlobalSection
	GlobalSection(ExtensibilityGlobals) = postSolution
		SolutionGuid = {D9A71CD4-5099-4617-ADB5-B84DE501C751}
	EndGlobalSection
EndGlobal
